Microsoft Visual Studio Solution File, Format Version 12.00
# Visual Studio Version 17
VisualStudioVersion = 17.14.37027.9
MinimumVisualStudioVersion = 10.0.40219.1
Project("{FAE04EC0-301F-11D3-BF4B-00C04F79EFBC}") = "DotPudicaFramework", "DotPudicaFramework.csproj", "{0786DD5B-0F50-4559-9A0B-3BCCE4C04881}"
EndProject
Project("{FAE04EC0-301F-11D3-BF4B-00C04F79EFBC}") = "DotPudica.Core", "addons/dot-pudica/Core/DotPudica.Core.csproj", "{0FF9E962-6720-C3C0-810B-023492839888}"
EndProject
Project("{FAE04EC0-301F-11D3-BF4B-00C04F79EFBC}") = "DotPudica.Godot", "addons/dot-pudica/Godot/DotPudica.Godot.csproj", "{348AA155-5A50-4917-F046-E96F9AA0A75C}"
EndProject
Project("{FAE04EC0-301F-11D3-BF4B-00C04F79EFBC}") = "DotPudica.SourceGenerator", "addons/dot-pudica/SourceGenerator/DotPudica.SourceGenerator.csproj", "{4CC679B5-8A73-60FD-1C77-C7A4306A708A}"
EndProject
Project("{2150E333-8FDC-42A3-9474-1A3956D46DE8}") = "tests", "tests", "{0AB3BF05-4346-4AA6-1389-037BE0695223}"
EndProject
Project("{FAE04EC0-301F-11D3-BF4B-00C04F79EFBC}") = "DotPudica.Tests", "tests/DotPudica.Tests/DotPudica.Tests.csproj", "{5F66865D-500A-4940-BE44-C7F5658F5CEF}"
EndProject
Project("{2150E333-8FDC-42A3-9474-1A3956D46DE8}") = "benchmarks", "benchmarks", "{66320409-64EC-F7C5-3DEF-65E7510DAAD1}"
EndProject
Project("{FAE04EC0-301F-11D3-BF4B-00C04F79EFBC}") = "DotPudica.Benchmarks", "benchmarks/DotPudica.Benchmarks/DotPudica.Benchmarks.csproj", "{B898FF30-72D8-4888-AC8F-24934E169A33}"
EndProject
Global
	GlobalSection(SolutionConfigurationPlatforms) = preSolution
		Debug|Any CPU = Debug|Any CPU
		Debug|x64 = Debug|x64
		Debug|x86 = Debug|x86
		ExportDebug|Any CPU = ExportDebug|Any CPU
		ExportDebug|x64 = ExportDebug|x64
		ExportDebug|x86 = ExportDebug|x86
		ExportRelease|Any CPU = ExportRelease|Any CPU
		ExportRelease|x64 = ExportRelease|x64
		ExportRelease|x86 = ExportRelease|x86
		Release|Any CPU = Release|Any CPU
		Release|x64 = Release|x64
		Release|x86 = Release|x86
	EndGlobalSection
	GlobalSection(ProjectConfigurationPlatforms) = postSolution
		{0786DD5B-0F50-4559-9A0B-3BCCE4C04881}.Debug|Any CPU.ActiveCfg = Debug|Any CPU
		{0786DD5B-0F50-4559-9A0B-3BCCE4C04881}.Debug|Any CPU.Build.0 = Debug|Any CPU
		{0786DD5B-0F50-4559-9A0B-3BCCE4C04881}.Debug|x64.ActiveCfg = Debug|Any CPU
		{0786DD5B-0F50-4559-9A0B-3BCCE4C04881}.Debug|x64.Build.0 = Debug|Any CPU
		{0786DD5B-0F50-4559-9A0B-3BCCE4C04881}.Debug|x86.ActiveCfg = Debug|Any CPU
		{0786DD5B-0F50-4559-9A0B-3BCCE4C04881}.Debug|x86.Build.0 = Debug|Any CPU
		{0786DD5B-0F50-4559-9A0B-3BCCE4C04881}.ExportDebug|Any CPU.ActiveCfg = ExportDebug|Any CPU
		{0786DD5B-0F50-4559-9A0B-3BCCE4C04881}.ExportDebug|Any CPU.Build.0 = ExportDebug|Any CPU
		{0786DD5B-0F50-4559-9A0B-3BCCE4C04881}.ExportDebug|x64.ActiveCfg = ExportDebug|Any CPU
		{0786DD5B-0F50-4559-9A0B-3BCCE4C04881}.ExportDebug|x64.Build.0 = ExportDebug|Any CPU
		{0786DD5B-0F50-4559-9A0B-3BCCE4C04881}.ExportDebug|x86.ActiveCfg = ExportDebug|Any CPU
		{0786DD5B-0F50-4559-9A0B-3BCCE4C04881}.ExportDebug|x86.Build.0 = ExportDebug|Any CPU
		{0786DD5B-0F50-4559-9A0B-3BCCE4C04881}.ExportRelease|Any CPU.ActiveCfg = ExportRelease|Any CPU
		{0786DD5B-0F50-4559-9A0B-3BCCE4C04881}.ExportRelease|Any CPU.Build.0 = ExportRelease|Any CPU
		{0786DD5B-0F50-4559-9A0B-3BCCE4C04881}.ExportRelease|x64.ActiveCfg = ExportRelease|Any CPU
		{0786DD5B-0F50-4559-9A0B-3BCCE4C04881}.ExportRelease|x64.Build.0 = ExportRelease|Any CPU
		{0786DD5B-0F50-4559-9A0B-3BCCE4C04881}.ExportRelease|x86.ActiveCfg = ExportRelease|Any CPU
		{0786DD5B-0F50-4559-9A0B-3BCCE4C04881}.ExportRelease|x86.Build.0 = ExportRelease|Any CPU
		{0786DD5B-0F50-4559-9A0B-3BCCE4C04881}.Release|Any CPU.ActiveCfg = Release|Any CPU
		{0786DD5B-0F50-4559-9A0B-3BCCE4C04881}.Release|Any CPU.Build.0 = Release|Any CPU
		{0786DD5B-0F50-4559-9A0B-3BCCE4C04881}.Release|x64.ActiveCfg = Release|Any CPU
		{0786DD5B-0F50-4559-9A0B-3BCCE4C04881}.Release|x64.Build.0 = Release|Any CPU
		{0786DD5B-0F50-4559-9A0B-3BCCE4C04881}.Release|x86.ActiveCfg = Release|Any CPU
		{0786DD5B-0F50-4559-9A0B-3BCCE4C04881}.Release|x86.Build.0 = Release|Any CPU
		{0FF9E962-6720-C3C0-810B-023492839888}.Debug|Any CPU.ActiveCfg = Debug|Any CPU
		{0FF9E962-6720-C3C0-810B-023492839888}.Debug|Any CPU.Build.0 = Debug|Any CPU
		{0FF9E962-6720-C3C0-810B-023492839888}.Debug|x64.ActiveCfg = Debug|Any CPU
		{0FF9E962-6720-C3C0-810B-023492839888}.Debug|x64.Build.0 = Debug|Any CPU
		{0FF9E962-6720-C3C0-810B-023492839888}.Debug|x86.ActiveCfg = Debug|Any CPU
		{0FF9E962-6720-C3C0-810B-023492839888}.Debug|x86.Build.0 = Debug|Any CPU
		{0FF9E962-6720-C3C0-810B-023492839888}.ExportDebug|Any CPU.ActiveCfg = Release|Any CPU
		{0FF9E962-6720-C3C0-810B-023492839888}.ExportDebug|Any CPU.Build.0 = Release|Any CPU
		{0FF9E962-6720-C3C0-810B-023492839888}.ExportDebug|x64.ActiveCfg = ExportDebug|Any CPU
		{0FF9E962-6720-C3C0-810B-023492839888}.ExportDebug|x64.Build.0 = ExportDebug|Any CPU
		{0FF9E962-6720-C3C0-810B-023492839888}.ExportDebug|x86.ActiveCfg = ExportDebug|Any CPU
		{0FF9E962-6720-C3C0-810B-023492839888}.ExportDebug|x86.Build.0 = ExportDebug|Any CPU
		{0FF9E962-6720-C3C0-810B-023492839888}.ExportRelease|Any CPU.ActiveCfg = Release|Any CPU
		{0FF9E962-6720-C3C0-810B-023492839888}.ExportRelease|Any CPU.Build.0 = Release|Any CPU
		{0FF9E962-6720-C3C0-810B-023492839888}.ExportRelease|x64.ActiveCfg = ExportRelease|Any CPU
		{0FF9E962-6720-C3C0-810B-023492839888}.ExportRelease|x64.Build.0 = ExportRelease|Any CPU
		{0FF9E962-6720-C3C0-810B-023492839888}.ExportRelease|x86.ActiveCfg = ExportRelease|Any CPU
		{0FF9E962-6720-C3C0-810B-023492839888}.ExportRelease|x86.Build.0 = ExportRelease|Any CPU
		{0FF9E962-6720-C3C0-810B-023492839888}.Release|Any CPU.ActiveCfg = Release|Any CPU
		{0FF9E962-6720-C3C0-810B-023492839888}.Release|Any CPU.Build.0 = Release|Any CPU
		{0FF9E962-6720-C3C0-810B-023492839888}.Release|x64.ActiveCfg = Release|Any CPU
		{0FF9E962-6720-C3C0-810B-023492839888}.Release|x64.Build.0 = Release|Any CPU
		{0FF9E962-6720-C3C0-810B-023492839888}.Release|x86.ActiveCfg = Release|Any CPU
		{0FF9E962-6720-C3C0-810B-023492839888}.Release|x86.Build.0 = Release|Any CPU
		{348AA155-5A50-4917-F046-E96F9AA0A75C}.Debug|Any CPU.ActiveCfg = Debug|Any CPU
		{348AA155-5A50-4917-F046-E96F9AA0A75C}.Debug|Any CPU.Build.0 = Debug|Any CPU
		{348AA155-5A50-4917-F046-E96F9AA0A75C}.Debug|x64.ActiveCfg = Debug|Any CPU
		{348AA155-5A50-4917-F046-E96F9AA0A75C}.Debug|x64.Build.0 = Debug|Any CPU
		{348AA155-5A50-4917-F046-E96F9AA0A75C}.Debug|x86.ActiveCfg = Debug|Any CPU
		{348AA155-5A50-4917-F046-E96F9AA0A75C}.Debug|x86.Build.0 = Debug|Any CPU
		{348AA155-5A50-4917-F046-E96F9AA0A75C}.ExportDebug|Any CPU.ActiveCfg = ExportDebug|Any CPU
		{348AA155-5A50-4917-F046-E96F9AA0A75C}.ExportDebug|Any CPU.Build.0 = ExportDebug|Any CPU
		{348AA155-5A50-4917-F046-E96F9AA0A75C}.ExportDebug|x64.ActiveCfg = ExportDebug|Any CPU
		{348AA155-5A50-4917-F046-E96F9AA0A75C}.ExportDebug|x64.Build.0 = ExportDebug|Any CPU
		{348AA155-5A50-4917-F046-E96F9AA0A75C}.ExportDebug|x86.ActiveCfg = ExportDebug|Any CPU
		{348AA155-5A50-4917-F046-E96F9AA0A75C}.ExportDebug|x86.Build.0 = ExportDebug|Any CPU
		{348AA155-5A50-4917-F046-E96F9AA0A75C}.ExportRelease|Any CPU.ActiveCfg = ExportRelease|Any CPU
		{348AA155-5A50-4917-F046-E96F9AA0A75C}.ExportRelease|Any CPU.Build.0 = ExportRelease|Any CPU
		{348AA155-5A50-4917-F046-E96F9AA0A75C}.ExportRelease|x64.ActiveCfg = ExportRelease|Any CPU
		{348AA155-5A50-4917-F046-E96F9AA0A75C}.ExportRelease|x64.Build.0 = ExportRelease|Any CPU
		{348AA155-5A50-4917-F046-E96F9AA0A75C}.ExportRelease|x86.ActiveCfg = ExportRelease|Any CPU
		{348AA155-5A50-4917-F046-E96F9AA0A75C}.ExportRelease|x86.Build.0 = ExportRelease|Any CPU
		{348AA155-5A50-4917-F046-E96F9AA0A75C}.Release|Any CPU.ActiveCfg = Release|Any CPU
		{348AA155-5A50-4917-F046-E96F9AA0A75C}.Release|Any CPU.Build.0 = Release|Any CPU
		{348AA155-5A50-4917-F046-E96F9AA0A75C}.Release|x64.ActiveCfg = Release|Any CPU
		{348AA155-5A50-4917-F046-E96F9AA0A75C}.Release|x64.Build.0 = Release|Any CPU
		{348AA155-5A50-4917-F046-E96F9AA0A75C}.Release|x86.ActiveCfg = Release|Any CPU
		{348AA155-5A50-4917-F046-E96F9AA0A75C}.Release|x86.Build.0 = Release|Any CPU
		{4CC679B5-8A73-60FD-1C77-C7A4306A708A}.Debug|Any CPU.ActiveCfg = Debug|Any CPU
		{4CC679B5-8A73-60FD-1C77-C7A4306A708A}.Debug|Any CPU.Build.0 = Debug|Any CPU
		{4CC679B5-8A73-60FD-1C77-C7A4306A708A}.Debug|x64.ActiveCfg = Debug|Any CPU
		{4CC679B5-8A73-60FD-1C77-C7A4306A708A}.Debug|x64.Build.0 = Debug|Any CPU
		{4CC679B5-8A73-60FD-1C77-C7A4306A708A}.Debug|x86.ActiveCfg = Debug|Any CPU
		{4CC679B5-8A73-60FD-1C77-C7A4306A708A}.Debug|x86.Build.0 = Debug|Any CPU
		{4CC679B5-8A73-60FD-1C77-C7A4306A708A}.ExportDebug|Any CPU.ActiveCfg = Release|Any CPU
		{4CC679B5-8A73-60FD-1C77-C7A4306A708A}.ExportDebug|Any CPU.Build.0 = Release|Any CPU
		{4CC679B5-8A73-60FD-1C77-C7A4306A708A}.ExportDebug|x64.ActiveCfg = ExportDebug|Any CPU
		{4CC679B5-8A73-60FD-1C77-C7A4306A708A}.ExportDebug|x64.Build.0 = ExportDebug|Any CPU
		{4CC679B5-8A73-60FD-1C77-C7A4306A708A}.ExportDebug|x86.ActiveCfg = ExportDebug|Any CPU
		{4CC679B5-8A73-60FD-1C77-C7A4306A708A}.ExportDebug|x86.Build.0 = ExportDebug|Any CPU
		{4CC679B5-8A73-60FD-1C77-C7A4306A708A}.ExportRelease|Any CPU.ActiveCfg = Release|Any CPU
		{4CC679B5-8A73-60FD-1C77-C7A4306A708A}.ExportRelease|Any CPU.Build.0 = Release|Any CPU
		{4CC679B5-8A73-60FD-1C77-C7A4306A708A}.ExportRelease|x64.ActiveCfg = ExportRelease|Any CPU
		{4CC679B5-8A73-60FD-1C77-C7A4306A708A}.ExportRelease|x64.Build.0 = ExportRelease|Any CPU
		{4CC679B5-8A73-60FD-1C77-C7A4306A708A}.ExportRelease|x86.ActiveCfg = ExportRelease|Any CPU
		{4CC679B5-8A73-60FD-1C77-C7A4306A708A}.ExportRelease|x86.Build.0 = ExportRelease|Any CPU
		{4CC679B5-8A73-60FD-1C77-C7A4306A708A}.Release|Any CPU.ActiveCfg = Release|Any CPU
		{4CC679B5-8A73-60FD-1C77-C7A4306A708A}.Release|Any CPU.Build.0 = Release|Any CPU
		{4CC679B5-8A73-60FD-1C77-C7A4306A708A}.Release|x64.ActiveCfg = Release|Any CPU
		{4CC679B5-8A73-60FD-1C77-C7A4306A708A}.Release|x64.Build.0 = Release|Any CPU
		{4CC679B5-8A73-60FD-1C77-C7A4306A708A}.Release|x86.ActiveCfg = Release|Any CPU
		{4CC679B5-8A73-60FD-1C77-C7A4306A708A}.Release|x86.Build.0 = Release|Any CPU
		{5F66865D-500A-4940-BE44-C7F5658F5CEF}.Debug|Any CPU.ActiveCfg = Debug|Any CPU
		{5F66865D-500A-4940-BE44-C7F5658F5CEF}.Debug|Any CPU.Build.0 = Debug|Any CPU
		{5F66865D-500A-4940-BE44-C7F5658F5CEF}.Debug|x64.ActiveCfg = Debug|Any CPU
		{5F66865D-500A-4940-BE44-C7F5658F5CEF}.Debug|x64.Build.0 = Debug|Any CPU
		{5F66865D-500A-4940-BE44-C7F5658F5CEF}.Debug|x86.ActiveCfg = Debug|Any CPU
		{5F66865D-500A-4940-BE44-C7F5658F5CEF}.Debug|x86.Build.0 = Debug|Any CPU
		{5F66865D-500A-4940-BE44-C7F5658F5CEF}.ExportDebug|Any CPU.ActiveCfg = Debug|Any CPU
		{5F66865D-500A-4940-BE44-C7F5658F5CEF}.ExportDebug|Any CPU.Build.0 = Debug|Any CPU
		{5F66865D-500A-4940-BE44-C7F5658F5CEF}.ExportDebug|x64.ActiveCfg = Debug|Any CPU
		{5F66865D-500A-4940-BE44-C7F5658F5CEF}.ExportDebug|x64.Build.0 = Debug|Any CPU
		{5F66865D-500A-4940-BE44-C7F5658F5CEF}.ExportDebug|x86.ActiveCfg = Debug|Any CPU
		{5F66865D-500A-4940-BE44-C7F5658F5CEF}.ExportDebug|x86.Build.0 = Debug|Any CPU
		{5F66865D-500A-4940-BE44-C7F5658F5CEF}.ExportRelease|Any CPU.ActiveCfg = Debug|Any CPU
		{5F66865D-500A-4940-BE44-C7F5658F5CEF}.ExportRelease|Any CPU.Build.0 = Debug|Any CPU
		{5F66865D-500A-4940-BE44-C7F5658F5CEF}.ExportRelease|x64.ActiveCfg = Debug|Any CPU
		{5F66865D-500A-4940-BE44-C7F5658F5CEF}.ExportRelease|x64.Build.0 = Debug|Any CPU
		{5F66865D-500A-4940-BE44-C7F5658F5CEF}.ExportRelease|x86.ActiveCfg = Debug|Any CPU
		{5F66865D-500A-4940-BE44-C7F5658F5CEF}.ExportRelease|x86.Build.0 = Debug|Any CPU
		{5F66865D-500A-4940-BE44-C7F5658F5CEF}.Release|Any CPU.ActiveCfg = Release|Any CPU
		{5F66865D-500A-4940-BE44-C7F5658F5CEF}.Release|Any CPU.Build.0 = Release|Any CPU
		{5F66865D-500A-4940-BE44-C7F5658F5CEF}.Release|x64.ActiveCfg = Release|Any CPU
		{5F66865D-500A-4940-BE44-C7F5658F5CEF}.Release|x64.Build.0 = Release|Any CPU
		{5F66865D-500A-4940-BE44-C7F5658F5CEF}.Release|x86.ActiveCfg = Release|Any CPU
		{5F66865D-500A-4940-BE44-C7F5658F5CEF}.Release|x86.Build.0 = Release|Any CPU
		{B898FF30-72D8-4888-AC8F-24934E169A33}.Debug|Any CPU.ActiveCfg = Debug|Any CPU
		{B898FF30-72D8-4888-AC8F-24934E169A33}.Debug|Any CPU.Build.0 = Debug|Any CPU
		{B898FF30-72D8-4888-AC8F-24934E169A33}.Debug|x64.ActiveCfg = Debug|Any CPU
		{B898FF30-72D8-4888-AC8F-24934E169A33}.Debug|x64.Build.0 = Debug|Any CPU
		{B898FF30-72D8-4888-AC8F-24934E169A33}.Debug|x86.ActiveCfg = Debug|Any CPU
		{B898FF30-72D8-4888-AC8F-24934E169A33}.Debug|x86.Build.0 = Debug|Any CPU
		{B898FF30-72D8-4888-AC8F-24934E169A33}.ExportDebug|Any CPU.ActiveCfg = Debug|Any CPU
		{B898FF30-72D8-4888-AC8F-24934E169A33}.ExportDebug|Any CPU.Build.0 = Debug|Any CPU
		{B898FF30-72D8-4888-AC8F-24934E169A33}.ExportDebug|x64.ActiveCfg = Debug|Any CPU
		{B898FF30-72D8-4888-AC8F-24934E169A33}.ExportDebug|x64.Build.0 = Debug|Any CPU
		{B898FF30-72D8-4888-AC8F-24934E169A33}.ExportDebug|x86.ActiveCfg = Debug|Any CPU
		{B898FF30-72D8-4888-AC8F-24934E169A33}.ExportDebug|x86.Build.0 = Debug|Any CPU
		{B898FF30-72D8-4888-AC8F-24934E169A33}.ExportRelease|Any CPU.ActiveCfg = Debug|Any CPU
		{B898FF30-72D8-4888-AC8F-24934E169A33}.ExportRelease|Any CPU.Build.0 = Debug|Any CPU
		{B898FF30-72D8-4888-AC8F-24934E169A33}.ExportRelease|x64.ActiveCfg = Debug|Any CPU
		{B898FF30-72D8-4888-AC8F-24934E169A33}.ExportRelease|x64.Build.0 = Debug|Any CPU
		{B898FF30-72D8-4888-AC8F-24934E169A33}.ExportRelease|x86.ActiveCfg = Debug|Any CPU
		{B898FF30-72D8-4888-AC8F-24934E169A33}.ExportRelease|x86.Build.0 = Debug|Any CPU
		{B898FF30-72D8-4888-AC8F-24934E169A33}.Release|Any CPU.ActiveCfg = Release|Any CPU
		{B898FF30-72D8-4888-AC8F-24934E169A33}.Release|Any CPU.Build.0 = Release|Any CPU
		{B898FF30-72D8-4888-AC8F-24934E169A33}.Release|x64.ActiveCfg = Release|Any CPU
		{B898FF30-72D8-4888-AC8F-24934E169A33}.Release|x64.Build.0 = Release|Any CPU
		{B898FF30-72D8-4888-AC8F-24934E169A33}.Release|x86.ActiveCfg = Release|Any CPU
		{B898FF30-72D8-4888-AC8F-24934E169A33}.Release|x86.Build.0 = Release|Any CPU
	EndGlobalSection
	GlobalSection(SolutionProperties) = preSolution
		HideSolutionNode = FALSE
	EndGlobalSection
	GlobalSection(NestedProjects) = preSolution
		{5F66865D-500A-4940-BE44-C7F5658F5CEF} = {0AB3BF05-4346-4AA6-1389-037BE0695223}
		{B898FF30-72D8-4888-AC8F-24934E169A33} = {66320409-64EC-F7C5-3DEF-65E7510DAAD1}
	EndGlobalSection
	GlobalSection(ExtensibilityGlobals) = postSolution
		SolutionGuid = {49C40680-4CC9-4262-BC56-E273469DC6AF}
	EndGlobalSection
EndGlobal
